
Microsoft Visual Studio Solution File, Format Version 12.00
# Visual Studio Version 17
VisualStudioVersion = 17.0.31903.59
MinimumVisualStudioVersion = 10.0.40219.1
Project("{FAE04EC0-301F-11D3-BF4B-00C04F79EFBC}") = "Hash", "Hash\Hash.csproj", "{2C29F499-303B-4F68-8344-6B3C4907976E}"
EndProject
Global
	GlobalSection(SolutionConfigurationPlatforms) = preSolution
		Debug|Any CPU = Debug|Any CPU
		Release|Any CPU = Release|Any CPU
	EndGlobalSection
	GlobalSection(SolutionProperties) = preSolution
		HideSolutionNode = FALSE
	EndGlobalSection
	GlobalSection(ProjectConfigurationPlatforms) = postSolution
		{2C29F499-303B-4F68-8344-6B3C4907976E}.Debug|Any CPU.ActiveCfg = Debug|Any CPU
		{2C29F499-303B-4F68-8344-6B3C4907976E}.Debug|Any CPU.Build.0 = Debug|Any CPU
		{2C29F499-303B-4F68-8344-6B3C4907976E}.Release|Any CPU.ActiveCfg = Release|Any CPU
		{2C29F499-303B-4F68-8344-6B3C4907976E}.Release|Any CPU.Build.0 = Release|Any CPU
	EndGlobalSection
EndGlobal
